
Microsoft Visual Studio Solution File, Format Version 12.00
# Visual Studio Version 17
VisualStudioVersion = 17.3.32825.248
MinimumVisualStudioVersion = 10.0.40219.1
Project("{9A19103F-16F7-4668-BE54-9A1E7A4F7556}") = "LibraryManagementSystem.Business", "LibraryManagementSystem.Business\LibraryManagementSystem.Business.csproj", "{BD1ACDAF-520E-4AAC-839C-C79B8F5134AE}"
EndProject
Project("{9A19103F-16F7-4668-BE54-9A1E7A4F7556}") = "LibraryManagementSystem.Entities", "LibraryManagementSystem.Entities\LibraryManagementSystem.Entities.csproj", "{5041754F-F9C9-488E-B46B-EEDBFA1AC1B0}"
EndProject
Project("{9A19103F-16F7-4668-BE54-9A1E7A4F7556}") = "LibraryManagementSystem.DataAccess", "LibraryManagementSystem.DataAccess\LibraryManagementSystem.DataAccess.csproj", "{E7F9F4C7-1FEB-46FD-8BDC-0D2842810F44}"
EndProject
Project("{9A19103F-16F7-4668-BE54-9A1E7A4F7556}") = "LibraryManagementSystem.Core", "LibraryManagementSystem.Core\LibraryManagementSystem.Core.csproj", "{DFB56FD3-8B6E-4EE8-AEB7-5F7BC9E11CE0}"
EndProject
Project("{FAE04EC0-301F-11D3-BF4B-00C04F79EFBC}") = "WebAPI", "WebAPI\WebAPI.csproj", "{1218FA74-1495-47E8-98E5-77A1217A4CDC}"
EndProject
Global
	GlobalSection(SolutionConfigurationPlatforms) = preSolution
		Debug|Any CPU = Debug|Any CPU
		Release|Any CPU = Release|Any CPU
	EndGlobalSection
	GlobalSection(ProjectConfigurationPlatforms) = postSolution
		{BD1ACDAF-520E-4AAC-839C-C79B8F5134AE}.Debug|Any CPU.ActiveCfg = Debug|Any CPU
		{BD1ACDAF-520E-4AAC-839C-C79B8F5134AE}.Debug|Any CPU.Build.0 = Debug|Any CPU
		{BD1ACDAF-520E-4AAC-839C-C79B8F5134AE}.Release|Any CPU.ActiveCfg = Release|Any CPU
		{BD1ACDAF-520E-4AAC-839C-C79B8F5134AE}.Release|Any CPU.Build.0 = Release|Any CPU
		{5041754F-F9C9-488E-B46B-EEDBFA1AC1B0}.Debug|Any CPU.ActiveCfg = Debug|Any CPU
		{5041754F-F9C9-488E-B46B-EEDBFA1AC1B0}.Debug|Any CPU.Build.0 = Debug|Any CPU
		{5041754F-F9C9-488E-B46B-EEDBFA1AC1B0}.Release|Any CPU.ActiveCfg = Release|Any CPU
		{5041754F-F9C9-488E-B46B-EEDBFA1AC1B0}.Release|Any CPU.Build.0 = Release|Any CPU
		{E7F9F4C7-1FEB-46FD-8BDC-0D2842810F44}.Debug|Any CPU.ActiveCfg = Debug|Any CPU
		{E7F9F4C7-1FEB-46FD-8BDC-0D2842810F44}.Debug|Any CPU.Build.0 = Debug|Any CPU
		{E7F9F4C7-1FEB-46FD-8BDC-0D2842810F44}.Release|Any CPU.ActiveCfg = Release|Any CPU
		{E7F9F4C7-1FEB-46FD-8BDC-0D2842810F44}.Release|Any CPU.Build.0 = Release|Any CPU
		{DFB56FD3-8B6E-4EE8-AEB7-5F7BC9E11CE0}.Debug|Any CPU.ActiveCfg = Debug|Any CPU
		{DFB56FD3-8B6E-4EE8-AEB7-5F7BC9E11CE0}.Debug|Any CPU.Build.0 = Debug|Any CPU
		{DFB56FD3-8B6E-4EE8-AEB7-5F7BC9E11CE0}.Release|Any CPU.ActiveCfg = Release|Any CPU
		{DFB56FD3-8B6E-4EE8-AEB7-5F7BC9E11CE0}.Release|Any CPU.Build.0 = Release|Any CPU
		{1218FA74-1495-47E8-98E5-77A1217A4CDC}.Debug|Any CPU.ActiveCfg = Debug|Any CPU
		{1218FA74-1495-47E8-98E5-77A1217A4CDC}.Debug|Any CPU.Build.0 = Debug|Any CPU
		{1218FA74-1495-47E8-98E5-77A1217A4CDC}.Release|Any CPU.ActiveCfg = Release|Any CPU
		{1218FA74-1495-47E8-98E5-77A1217A4CDC}.Release|Any CPU.Build.0 = Release|Any CPU
	EndGlobalSection
	GlobalSection(SolutionProperties) = preSolution
		HideSolutionNode = FALSE
	EndGlobalSection
	GlobalSection(ExtensibilityGlobals) = postSolution
		SolutionGuid = {10AE2487-8B50-41B6-9D47-82ABA2DFBD34}
	EndGlobalSection
EndGlobal
